
Microsoft Visual Studio Solution File, Format Version 12.00
# Visual Studio Version 17
VisualStudioVersion = 17.7.34031.279
MinimumVisualStudioVersion = 10.0.40219.1
Project("{FAE04EC0-301F-11D3-BF4B-00C04F79EFBC}") = "papier", "papier.csproj", "{DFD8A9AB-9527-4444-BED3-42E4D165CF3B}"
EndProject
Global
	GlobalSection(SolutionConfigurationPlatforms) = preSolution
		Debug|Any CPU = Debug|Any CPU
		Release|Any CPU = Release|Any CPU
	EndGlobalSection
	GlobalSection(ProjectConfigurationPlatforms) = postSolution
		{DFD8A9AB-9527-4444-BED3-42E4D165CF3B}.Debug|Any CPU.ActiveCfg = Debug|Any CPU
		{DFD8A9AB-9527-4444-BED3-42E4D165CF3B}.Debug|Any CPU.Build.0 = Debug|Any CPU
		{DFD8A9AB-9527-4444-BED3-42E4D165CF3B}.Release|Any CPU.ActiveCfg = Release|Any CPU
		{DFD8A9AB-9527-4444-BED3-42E4D165CF3B}.Release|Any CPU.Build.0 = Release|Any CPU
	EndGlobalSection
	GlobalSection(SolutionProperties) = preSolution
		HideSolutionNode = FALSE
	EndGlobalSection
	GlobalSection(ExtensibilityGlobals) = postSolution
		SolutionGuid = {8C06BC82-1077-4205-9641-55C5EDF1CD31}
	EndGlobalSection
EndGlobal
